
Microsoft Visual Studio Solution File, Format Version 12.00
# Visual Studio Version 17
VisualStudioVersion = 17.8.34525.116
MinimumVisualStudioVersion = 10.0.40219.1
Project("{FAE04EC0-301F-11D3-BF4B-00C04F79EFBC}") = "AzureFunctionAppBlob", "AzureFunctionAppBlob.csproj", "{2524C9F4-5A97-498E-AB3B-7F783AD0CB1C}"
EndProject
Global
	GlobalSection(SolutionConfigurationPlatforms) = preSolution
		Debug|Any CPU = Debug|Any CPU
		Release|Any CPU = Release|Any CPU
	EndGlobalSection
	GlobalSection(ProjectConfigurationPlatforms) = postSolution
		{2524C9F4-5A97-498E-AB3B-7F783AD0CB1C}.Debug|Any CPU.ActiveCfg = Debug|Any CPU
		{2524C9F4-5A97-498E-AB3B-7F783AD0CB1C}.Debug|Any CPU.Build.0 = Debug|Any CPU
		{2524C9F4-5A97-498E-AB3B-7F783AD0CB1C}.Release|Any CPU.ActiveCfg = Release|Any CPU
		{2524C9F4-5A97-498E-AB3B-7F783AD0CB1C}.Release|Any CPU.Build.0 = Release|Any CPU
	EndGlobalSection
	GlobalSection(SolutionProperties) = preSolution
		HideSolutionNode = FALSE
	EndGlobalSection
	GlobalSection(ExtensibilityGlobals) = postSolution
		SolutionGuid = {6CCEEDEF-65D5-452C-A7FA-CE2303E29C6E}
	EndGlobalSection
EndGlobal
